{
  "version": 4,
  "terraform_version": "1.7.3",
  "serial": 25,
  "lineage": "70ce783f-c040-834d-6a36-ecb0941fa0b5",
  "outputs": {
    "Repository_URL": {
      "value": "https://github.com/Ashu0794/DevOps_Code",
      "type": "string"
    }
  },
  "resources": [
    {
      "mode": "managed",
      "type": "github_repository",
      "name": "example",
      "provider": "provider[\"registry.terraform.io/hashicorp/github\"]",
      "instances": [
        {
          "schema_version": 1,
          "attributes": {
            "allow_auto_merge": false,
            "allow_merge_commit": true,
            "allow_rebase_merge": true,
            "allow_squash_merge": true,
            "allow_update_branch": false,
            "archive_on_destroy": null,
            "archived": false,
            "auto_init": true,
            "default_branch": "main",
            "delete_branch_on_merge": false,
            "description": "DevOps Code",
            "etag": "W/\"4d2e1e7f84b394af25a2959e3bd1fcbc868aa7a2441111c2b6bfdbe2dcf63ba7\"",
            "full_name": "Ashu0794/DevOps_Code",
            "git_clone_url": "git://github.com/Ashu0794/DevOps_Code.git",
            "gitignore_template": null,
            "has_discussions": false,
            "has_downloads": false,
            "has_issues": false,
            "has_projects": false,
            "has_wiki": false,
            "homepage_url": "",
            "html_url": "https://github.com/Ashu0794/DevOps_Code",
            "http_clone_url": "https://github.com/Ashu0794/DevOps_Code.git",
            "id": "DevOps_Code",
            "ignore_vulnerability_alerts_during_read": null,
            "is_template": false,
            "license_template": null,
            "merge_commit_message": "PR_TITLE",
            "merge_commit_title": "MERGE_MESSAGE",
            "name": "DevOps_Code",
            "node_id": "R_kgDOLUg3ig",
            "pages": [],
            "primary_language": "",
            "private": false,
            "repo_id": 759707530,
            "security_and_analysis": [
              {
                "advanced_security": [],
                "secret_scanning": [
                  {
                    "status": "disabled"
                  }
                ],
                "secret_scanning_push_protection": [
                  {
                    "status": "disabled"
                  }
                ]
              }
            ],
            "squash_merge_commit_message": "COMMIT_MESSAGES",
            "squash_merge_commit_title": "COMMIT_OR_PR_TITLE",
            "ssh_clone_url": "git@github.com:Ashu0794/DevOps_Code.git",
            "svn_url": "https://github.com/Ashu0794/DevOps_Code",
            "template": [],
            "topics": [],
            "visibility": "public",
            "vulnerability_alerts": false,
            "web_commit_signoff_required": false
          },
          "sensitive_attributes": [],
          "private": "eyJzY2hlbWFfdmVyc2lvbiI6IjEifQ=="
        }
      ]
    },
    {
      "mode": "managed",
      "type": "github_repository",
      "name": "example2",
      "provider": "provider[\"registry.terraform.io/hashicorp/github\"]",
      "instances": [
        {
          "schema_version": 1,
          "attributes": {
            "allow_auto_merge": false,
            "allow_merge_commit": true,
            "allow_rebase_merge": true,
            "allow_squash_merge": true,
            "allow_update_branch": false,
            "archive_on_destroy": null,
            "archived": false,
            "auto_init": true,
            "default_branch": "main",
            "delete_branch_on_merge": false,
            "description": "Second_DevOps Code",
            "etag": "W/\"fb9d8dd40fe17e84639de712b58715a2718d3e0fd2cbc59005f82c0fb4a23258\"",
            "full_name": "Ashu0794/Second_DevOps_Code",
            "git_clone_url": "git://github.com/Ashu0794/Second_DevOps_Code.git",
            "gitignore_template": null,
            "has_discussions": false,
            "has_downloads": false,
            "has_issues": false,
            "has_projects": false,
            "has_wiki": false,
            "homepage_url": "",
            "html_url": "https://github.com/Ashu0794/Second_DevOps_Code",
            "http_clone_url": "https://github.com/Ashu0794/Second_DevOps_Code.git",
            "id": "Second_DevOps_Code",
            "ignore_vulnerability_alerts_during_read": null,
            "is_template": false,
            "license_template": null,
            "merge_commit_message": "PR_TITLE",
            "merge_commit_title": "MERGE_MESSAGE",
            "name": "Second_DevOps_Code",
            "node_id": "R_kgDOLUg3mQ",
            "pages": [],
            "primary_language": "",
            "private": false,
            "repo_id": 759707545,
            "security_and_analysis": [
              {
                "advanced_security": [],
                "secret_scanning": [
                  {
                    "status": "disabled"
                  }
                ],
                "secret_scanning_push_protection": [
                  {
                    "status": "disabled"
                  }
                ]
              }
            ],
            "squash_merge_commit_message": "COMMIT_MESSAGES",
            "squash_merge_commit_title": "COMMIT_OR_PR_TITLE",
            "ssh_clone_url": "git@github.com:Ashu0794/Second_DevOps_Code.git",
            "svn_url": "https://github.com/Ashu0794/Second_DevOps_Code",
            "template": [],
            "topics": [],
            "visibility": "public",
            "vulnerability_alerts": false,
            "web_commit_signoff_required": false
          },
          "sensitive_attributes": [],
          "private": "eyJzY2hlbWFfdmVyc2lvbiI6IjEifQ=="
        }
      ]
    }
  ],
  "check_results": null
}
